<?xml version="1.0" encoding="utf-8"?>
<Project ToolsVersion="4.0" xmlns="http://schemas.microsoft.com/developer/msbuild/2003">
  <ItemGroup>
    <Filter Include="源文件">
      <UniqueIdentifier>{4FC737F1-C7A5-4376-A066-2A32D752A2FF}</UniqueIdentifier>
      <Extensions>cpp;c;cc;cxx;c++;cppm;ixx;def;odl;idl;hpj;bat;asm;asmx</Extensions>
    </Filter>
    <Filter Include="头文件">
      <UniqueIdentifier>{93995380-89BD-4b04-88EB-625FBE52EBFB}</UniqueIdentifier>
      <Extensions>h;hh;hpp;hxx;h++;hm;inl;inc;ipp;xsd</Extensions>
    </Filter>
    <Filter Include="资源文件">
      <UniqueIdentifier>{67DA6AB6-F800-4c08-8B7A-83BB121AAD01}</UniqueIdentifier>
      <Extensions>rc;ico;cur;bmp;dlg;rc2;rct;bin;rgs;gif;jpg;jpeg;jpe;resx;tiff;tif;png;wav;mfcribbon-ms</Extensions>
    </Filter>
    <Filter Include="imgui">
      <UniqueIdentifier>{6cdf1eb9-996c-4db5-a3d4-a31d2732581c}</UniqueIdentifier>
    </Filter>
  </ItemGroup>
  <ItemGroup>
    <ClCompile Include="nn_editor.cpp">
      <Filter>源文件</Filter>
    </ClCompile>
    <ClCompile Include="main.cpp">
      <Filter>源文件</Filter>
    </ClCompile>
    <ClCompile Include="..\3rdparty\imgui\imgui_widgets.cpp">
      <Filter>imgui</Filter>
    </ClCompile>
    <ClCompile Include="..\3rdparty\imgui\imgui.cpp">
      <Filter>imgui</Filter>
    </ClCompile>
    <ClCompile Include="..\3rdparty\imgui\imgui_demo.cpp">
      <Filter>imgui</Filter>
    </ClCompile>
    <ClCompile Include="..\3rdparty\imgui\imgui_draw.cpp">
      <Filter>imgui</Filter>
    </ClCompile>
    <ClCompile Include="..\3rdparty\imgui\imgui_tables.cpp">
      <Filter>imgui</Filter>
    </ClCompile>
    <ClCompile Include="..\3rdparty\imgui\backends\imgui_impl_sdl.cpp">
      <Filter>imgui</Filter>
    </ClCompile>
    <ClCompile Include="..\3rdparty\imgui\misc\cpp\imgui_stdlib.cpp">
      <Filter>imgui</Filter>
    </ClCompile>
    <ClCompile Include="..\3rdparty\nb\File.cpp">
      <Filter>源文件</Filter>
    </ClCompile>
    <ClCompile Include="..\3rdparty\nb\convert.cpp">
      <Filter>源文件</Filter>
    </ClCompile>
    <ClCompile Include="..\3rdparty\imgui\backends\imgui_impl_opengl3.cpp">
      <Filter>imgui</Filter>
    </ClCompile>
    <ClCompile Include="nodeloader.cpp">
      <Filter>源文件</Filter>
    </ClCompile>
    <ClCompile Include="ncnnloader.cpp">
      <Filter>源文件</Filter>
    </ClCompile>
    <ClCompile Include="ccccloader.cpp">
      <Filter>源文件</Filter>
    </ClCompile>
    <ClCompile Include="..\imnodes2\imnodes.cpp">
      <Filter>imgui</Filter>
    </ClCompile>
    <ClCompile Include="yamlyololoader.cpp">
      <Filter>源文件</Filter>
    </ClCompile>
    <ClCompile Include="onnxloader.cpp">
      <Filter>源文件</Filter>
    </ClCompile>
    <ClCompile Include="onnx.pb.cc">
      <Filter>源文件</Filter>
    </ClCompile>
  </ItemGroup>
  <ItemGroup>
    <ClInclude Include="nodeloader.h">
      <Filter>头文件</Filter>
    </ClInclude>
    <ClInclude Include="yamlyololoader.h">
      <Filter>头文件</Filter>
    </ClInclude>
    <ClInclude Include="ncnnloader.h">
      <Filter>头文件</Filter>
    </ClInclude>
    <ClInclude Include="node.h">
      <Filter>头文件</Filter>
    </ClInclude>
    <ClInclude Include="ccccloader.h">
      <Filter>头文件</Filter>
    </ClInclude>
    <ClInclude Include="resource.h">
      <Filter>头文件</Filter>
    </ClInclude>
    <ClInclude Include="onnxloader.h">
      <Filter>头文件</Filter>
    </ClInclude>
    <ClInclude Include="onnx.pb.h">
      <Filter>头文件</Filter>
    </ClInclude>
  </ItemGroup>
</Project>